<?xml version="1.0" encoding="utf-8"?>
<Project ToolsVersion="4.0" xmlns="http://schemas.microsoft.com/developer/msbuild/2003">
  <ItemGroup>
    <Filter Include="Source Files">
      <UniqueIdentifier>{4FC737F1-C7A5-4376-A066-2A32D752A2FF}</UniqueIdentifier>
      <Extensions>cpp;c;cc;cxx;c++;cppm;ixx;def;odl;idl;hpj;bat;asm;asmx</Extensions>
    </Filter>
    <Filter Include="Header Files">
      <UniqueIdentifier>{93995380-89BD-4b04-88EB-625FBE52EBFB}</UniqueIdentifier>
      <Extensions>h;hh;hpp;hxx;h++;hm;inl;inc;ipp;xsd</Extensions>
    </Filter>
    <Filter Include="Resource Files">
      <UniqueIdentifier>{67DA6AB6-F800-4c08-8B7A-83BB121AAD01}</UniqueIdentifier>
      <Extensions>rc;ico;cur;bmp;dlg;rc2;rct;bin;rgs;gif;jpg;jpeg;jpe;resx;tiff;tif;png;wav;mfcribbon-ms</Extensions>
    </Filter>
    <Filter Include="Creational Patterns">
      <UniqueIdentifier>{98bb376b-6191-4287-900a-eba854492ed2}</UniqueIdentifier>
    </Filter>
    <Filter Include="Structural Patterns">
      <UniqueIdentifier>{3078b042-2f67-4941-aa89-645ffab2d7c6}</UniqueIdentifier>
    </Filter>
    <Filter Include="Behavioral Patterns">
      <UniqueIdentifier>{f4efd8d5-58f3-4711-b8cc-532a611a11d4}</UniqueIdentifier>
    </Filter>
    <Filter Include="Creational Patterns\Builder">
      <UniqueIdentifier>{d8839de9-7ff9-4494-a8b8-e55d84b894d6}</UniqueIdentifier>
    </Filter>
    <Filter Include="Creational Patterns\Factory">
      <UniqueIdentifier>{e4206145-a138-4659-966f-30783a85776c}</UniqueIdentifier>
    </Filter>
    <Filter Include="Creational Patterns\Prototype">
      <UniqueIdentifier>{0571223c-7c35-4434-92da-4cedbe8e6a09}</UniqueIdentifier>
    </Filter>
    <Filter Include="Structural Patterns\Decorator">
      <UniqueIdentifier>{237632ae-5ab9-498a-a542-36d00c4f932b}</UniqueIdentifier>
    </Filter>
  </ItemGroup>
  <ItemGroup>
    <ClCompile Include="Filter.cpp">
      <Filter>Source Files</Filter>
    </ClCompile>
    <ClCompile Include="FluentBuilder.cpp">
      <Filter>Creational Patterns\Builder</Filter>
    </ClCompile>
    <ClCompile Include="GroovyBuilder.cpp">
      <Filter>Creational Patterns\Builder</Filter>
    </ClCompile>
    <ClCompile Include="Composite Builder.cpp">
      <Filter>Creational Patterns\Builder</Filter>
    </ClCompile>
    <ClCompile Include="Factory.cpp">
      <Filter>Creational Patterns\Factory</Filter>
    </ClCompile>
    <ClCompile Include="Inner Factory.cpp">
      <Filter>Creational Patterns\Factory</Filter>
    </ClCompile>
    <ClCompile Include="Abstract Factory.cpp">
      <Filter>Creational Patterns\Factory</Filter>
    </ClCompile>
    <ClCompile Include="Prototype Factory.cpp">
      <Filter>Creational Patterns\Prototype</Filter>
    </ClCompile>
    <ClCompile Include="Object duplication.cpp">
      <Filter>Creational Patterns\Prototype</Filter>
    </ClCompile>
    <ClCompile Include="Singleton.cpp">
      <Filter>Creational Patterns</Filter>
    </ClCompile>
    <ClCompile Include="Monostate.cpp">
      <Filter>Creational Patterns</Filter>
    </ClCompile>
    <ClCompile Include="Bridge.cpp">
      <Filter>Structural Patterns</Filter>
    </ClCompile>
    <ClCompile Include="Array Backed Properties.cpp">
      <Filter>Structural Patterns</Filter>
    </ClCompile>
    <ClCompile Include="Neural Network.cpp">
      <Filter>Structural Patterns</Filter>
    </ClCompile>
    <ClCompile Include="Dynamic Decorator.cpp">
      <Filter>Structural Patterns\Decorator</Filter>
    </ClCompile>
    <ClCompile Include="Static Decorator.cpp">
      <Filter>Structural Patterns\Decorator</Filter>
    </ClCompile>
    <ClCompile Include="Functional Decorator.cpp">
      <Filter>Structural Patterns\Decorator</Filter>
    </ClCompile>
    <ClCompile Include="Flyweight.cpp">
      <Filter>Structural Patterns</Filter>
    </ClCompile>
  </ItemGroup>
</Project>