
Microsoft Visual Studio Solution File, Format Version 12.00
# Visual Studio Version 17
VisualStudioVersion = 17.9.34622.214
MinimumVisualStudioVersion = 10.0.40219.1
Project("{8BC9CEB8-8B4A-11D0-8D11-00A0C91BC942}") = "CSV to SQL Converter", "CSV to SQL Converter\CSV to SQL Converter.vcxproj", "{01CC64E7-9630-4E91-801E-C0A7CAA46745}"
EndProject
Global
	GlobalSection(SolutionConfigurationPlatforms) = preSolution
		Debug|x64 = Debug|x64
		Debug|x86 = Debug|x86
		Release|x64 = Release|x64
		Release|x86 = Release|x86
	EndGlobalSection
	GlobalSection(ProjectConfigurationPlatforms) = postSolution
		{01CC64E7-9630-4E91-801E-C0A7CAA46745}.Debug|x64.ActiveCfg = Debug|x64
		{01CC64E7-9630-4E91-801E-C0A7CAA46745}.Debug|x64.Build.0 = Debug|x64
		{01CC64E7-9630-4E91-801E-C0A7CAA46745}.Debug|x86.ActiveCfg = Debug|Win32
		{01CC64E7-9630-4E91-801E-C0A7CAA46745}.Debug|x86.Build.0 = Debug|Win32
		{01CC64E7-9630-4E91-801E-C0A7CAA46745}.Release|x64.ActiveCfg = Release|x64
		{01CC64E7-9630-4E91-801E-C0A7CAA46745}.Release|x64.Build.0 = Release|x64
		{01CC64E7-9630-4E91-801E-C0A7CAA46745}.Release|x86.ActiveCfg = Release|Win32
		{01CC64E7-9630-4E91-801E-C0A7CAA46745}.Release|x86.Build.0 = Release|Win32
	EndGlobalSection
	GlobalSection(SolutionProperties) = preSolution
		HideSolutionNode = FALSE
	EndGlobalSection
	GlobalSection(ExtensibilityGlobals) = postSolution
		SolutionGuid = {963604DC-D7A0-460C-A9B5-260DF450E7C7}
	EndGlobalSection
EndGlobal
