
Microsoft Visual Studio Solution File, Format Version 12.00
# Visual Studio Version 17
VisualStudioVersion = 17.8.34525.116
MinimumVisualStudioVersion = 10.0.40219.1
Project("{8BC9CEB8-8B4A-11D0-8D11-00A0C91BC942}") = "Miscellaneous", "Miscellaneous\Miscellaneous.vcxproj", "{236A197B-FC9E-421A-BCCF-6877614450C3}"
EndProject
Project("{8BC9CEB8-8B4A-11D0-8D11-00A0C91BC942}") = "Boolalpha", "Boolalpha\Boolalpha.vcxproj", "{A067E212-D5E2-4DE4-BB6D-D70B1C2674D5}"
EndProject
Project("{8BC9CEB8-8B4A-11D0-8D11-00A0C91BC942}") = "ADL Argument Dependent Lookup", "ADL Argument Dependent Lookup\ADL Argument Dependent Lookup.vcxproj", "{B9DBCF97-7341-41FF-86CA-B08EB53F0BE6}"
EndProject
Project("{8BC9CEB8-8B4A-11D0-8D11-00A0C91BC942}") = "Attributes", "Attributes\Attributes.vcxproj", "{DD1C68D7-53E9-438C-A7A6-EADA1F9838B8}"
EndProject
Project("{8BC9CEB8-8B4A-11D0-8D11-00A0C91BC942}") = "Const", "Const\Const.vcxproj", "{FA44B00C-A6BC-4F22-A791-CDB3FC19E3BD}"
EndProject
Project("{8BC9CEB8-8B4A-11D0-8D11-00A0C91BC942}") = "Exceptions", "Exceptions\Exceptions.vcxproj", "{5F8DC44E-F641-4755-B481-B507E5833778}"
EndProject
Project("{8BC9CEB8-8B4A-11D0-8D11-00A0C91BC942}") = "Functions Pointers", "Functions Pointers\Functions Pointers.vcxproj", "{0FB8D0C1-D19A-44C5-BA9D-2191EA5A7AE1}"
EndProject
Project("{8BC9CEB8-8B4A-11D0-8D11-00A0C91BC942}") = "Functor", "Functor\Functor.vcxproj", "{28441EE3-169D-4C1D-9415-CFBF0FB60EA3}"
EndProject
Project("{8BC9CEB8-8B4A-11D0-8D11-00A0C91BC942}") = "Inline Functions", "Inline Functions\Inline Functions.vcxproj", "{0A5A05D8-0DAA-4DD9-A0E1-5D5ADF183E26}"
EndProject
Project("{8BC9CEB8-8B4A-11D0-8D11-00A0C91BC942}") = "Iterators", "Iterators\Iterators.vcxproj", "{E6434286-4FE1-4F04-9345-53AC96940455}"
EndProject
Project("{8BC9CEB8-8B4A-11D0-8D11-00A0C91BC942}") = "Lambda Expression", "Lambda Expression\Lambda Expression.vcxproj", "{C2DB4E31-CFA8-4E1F-9D9E-7A4E208E5C19}"
EndProject
Project("{8BC9CEB8-8B4A-11D0-8D11-00A0C91BC942}") = "Lvalue Rvalue", "Lvalue Rvalue\Lvalue Rvalue.vcxproj", "{23E1A578-FE46-4E3D-98C0-C14C148A25B5}"
EndProject
Project("{8BC9CEB8-8B4A-11D0-8D11-00A0C91BC942}") = "Macros", "Macros\Macros.vcxproj", "{D480CDFD-6929-431D-8C82-1C38E53B2496}"
EndProject
Project("{8BC9CEB8-8B4A-11D0-8D11-00A0C91BC942}") = "Memory allignement", "Memory allignement\Memory allignement.vcxproj", "{DF113946-3298-4BD3-9D4C-E459C93BF304}"
EndProject
Project("{8BC9CEB8-8B4A-11D0-8D11-00A0C91BC942}") = "Memory allocation tracking", "Memory allocation tracking\Memory allocation tracking.vcxproj", "{C9852696-4F56-425A-9101-932CDC206DAD}"
EndProject
Project("{8BC9CEB8-8B4A-11D0-8D11-00A0C91BC942}") = "Mutable", "Mutable\Mutable.vcxproj", "{D1758D39-37C6-427B-B83F-EA2A9E5CAB2D}"
EndProject
Project("{8BC9CEB8-8B4A-11D0-8D11-00A0C91BC942}") = "Namespace", "Namespace\Namespace.vcxproj", "{B9D37E99-230F-4D68-B536-13EE6F70F7D4}"
EndProject
Project("{8BC9CEB8-8B4A-11D0-8D11-00A0C91BC942}") = "Operator Overloading", "Operator Overloading\Operator Overloading.vcxproj", "{E8F63068-5983-4287-A739-FC07437686DE}"
EndProject
Project("{8BC9CEB8-8B4A-11D0-8D11-00A0C91BC942}") = "Small String Optimization", "Small String Optimization\Small String Optimization.vcxproj", "{ED197A10-4F4A-48DC-95ED-126210CA5755}"
EndProject
Project("{8BC9CEB8-8B4A-11D0-8D11-00A0C91BC942}") = "Standard Library", "Standard Library\Standard Library.vcxproj", "{B70E2B81-9BB4-4ABD-B7A8-A3A3782DFE4C}"
EndProject
Project("{8BC9CEB8-8B4A-11D0-8D11-00A0C91BC942}") = "Templates", "Templates\Templates.vcxproj", "{3CEE1912-8502-4E94-A45F-93C7393AC3E6}"
EndProject
Project("{8BC9CEB8-8B4A-11D0-8D11-00A0C91BC942}") = "Variadic functions", "Variadic functions\Variadic functions.vcxproj", "{12C45F26-3529-4DF2-96AE-844B537C65AB}"
EndProject
Project("{8BC9CEB8-8B4A-11D0-8D11-00A0C91BC942}") = "Volatile", "Volatile\Volatile.vcxproj", "{02411D35-840E-4B65-93BF-82FD366DE72B}"
EndProject
Project("{8BC9CEB8-8B4A-11D0-8D11-00A0C91BC942}") = "declspec __assume __restrict", "declspec __assume __restrict\declspec __assume __restrict.vcxproj", "{BEC3B83D-1F21-4AE2-9A53-24C120503676}"
EndProject
Project("{8BC9CEB8-8B4A-11D0-8D11-00A0C91BC942}") = "Bit Mask", "Isolated Bit\Isolated Bit.vcxproj", "{8578664C-8AA0-4B64-A296-94BE889270A8}"
EndProject
Project("{8BC9CEB8-8B4A-11D0-8D11-00A0C91BC942}") = "Enumeration", "Enumeration\Enumeration.vcxproj", "{9B786AB8-EB57-429D-AE00-7C70A631BDB3}"
EndProject
Project("{8BC9CEB8-8B4A-11D0-8D11-00A0C91BC942}") = "Static Assert", "Static Assert\Static Assert.vcxproj", "{6477D541-077E-4F48-9F88-2232FC58EA3A}"
EndProject
Project("{8BC9CEB8-8B4A-11D0-8D11-00A0C91BC942}") = "BestPractices", "BestPractices\BestPractices.vcxproj", "{74175E1A-7F47-4267-B099-4D80EFDAC2FD}"
EndProject
Global
	GlobalSection(SolutionConfigurationPlatforms) = preSolution
		Debug|x64 = Debug|x64
		Debug|x86 = Debug|x86
		Release|x64 = Release|x64
		Release|x86 = Release|x86
	EndGlobalSection
	GlobalSection(ProjectConfigurationPlatforms) = postSolution
		{236A197B-FC9E-421A-BCCF-6877614450C3}.Debug|x64.ActiveCfg = Debug|x64
		{236A197B-FC9E-421A-BCCF-6877614450C3}.Debug|x64.Build.0 = Debug|x64
		{236A197B-FC9E-421A-BCCF-6877614450C3}.Debug|x86.ActiveCfg = Debug|Win32
		{236A197B-FC9E-421A-BCCF-6877614450C3}.Debug|x86.Build.0 = Debug|Win32
		{236A197B-FC9E-421A-BCCF-6877614450C3}.Release|x64.ActiveCfg = Release|x64
		{236A197B-FC9E-421A-BCCF-6877614450C3}.Release|x64.Build.0 = Release|x64
		{236A197B-FC9E-421A-BCCF-6877614450C3}.Release|x86.ActiveCfg = Release|Win32
		{236A197B-FC9E-421A-BCCF-6877614450C3}.Release|x86.Build.0 = Release|Win32
		{A067E212-D5E2-4DE4-BB6D-D70B1C2674D5}.Debug|x64.ActiveCfg = Debug|x64
		{A067E212-D5E2-4DE4-BB6D-D70B1C2674D5}.Debug|x64.Build.0 = Debug|x64
		{A067E212-D5E2-4DE4-BB6D-D70B1C2674D5}.Debug|x86.ActiveCfg = Debug|Win32
		{A067E212-D5E2-4DE4-BB6D-D70B1C2674D5}.Debug|x86.Build.0 = Debug|Win32
		{A067E212-D5E2-4DE4-BB6D-D70B1C2674D5}.Release|x64.ActiveCfg = Release|x64
		{A067E212-D5E2-4DE4-BB6D-D70B1C2674D5}.Release|x64.Build.0 = Release|x64
		{A067E212-D5E2-4DE4-BB6D-D70B1C2674D5}.Release|x86.ActiveCfg = Release|Win32
		{A067E212-D5E2-4DE4-BB6D-D70B1C2674D5}.Release|x86.Build.0 = Release|Win32
		{B9DBCF97-7341-41FF-86CA-B08EB53F0BE6}.Debug|x64.ActiveCfg = Debug|x64
		{B9DBCF97-7341-41FF-86CA-B08EB53F0BE6}.Debug|x64.Build.0 = Debug|x64
		{B9DBCF97-7341-41FF-86CA-B08EB53F0BE6}.Debug|x86.ActiveCfg = Debug|Win32
		{B9DBCF97-7341-41FF-86CA-B08EB53F0BE6}.Debug|x86.Build.0 = Debug|Win32
		{B9DBCF97-7341-41FF-86CA-B08EB53F0BE6}.Release|x64.ActiveCfg = Release|x64
		{B9DBCF97-7341-41FF-86CA-B08EB53F0BE6}.Release|x64.Build.0 = Release|x64
		{B9DBCF97-7341-41FF-86CA-B08EB53F0BE6}.Release|x86.ActiveCfg = Release|Win32
		{B9DBCF97-7341-41FF-86CA-B08EB53F0BE6}.Release|x86.Build.0 = Release|Win32
		{DD1C68D7-53E9-438C-A7A6-EADA1F9838B8}.Debug|x64.ActiveCfg = Debug|x64
		{DD1C68D7-53E9-438C-A7A6-EADA1F9838B8}.Debug|x64.Build.0 = Debug|x64
		{DD1C68D7-53E9-438C-A7A6-EADA1F9838B8}.Debug|x86.ActiveCfg = Debug|Win32
		{DD1C68D7-53E9-438C-A7A6-EADA1F9838B8}.Debug|x86.Build.0 = Debug|Win32
		{DD1C68D7-53E9-438C-A7A6-EADA1F9838B8}.Release|x64.ActiveCfg = Release|x64
		{DD1C68D7-53E9-438C-A7A6-EADA1F9838B8}.Release|x64.Build.0 = Release|x64
		{DD1C68D7-53E9-438C-A7A6-EADA1F9838B8}.Release|x86.ActiveCfg = Release|Win32
		{DD1C68D7-53E9-438C-A7A6-EADA1F9838B8}.Release|x86.Build.0 = Release|Win32
		{FA44B00C-A6BC-4F22-A791-CDB3FC19E3BD}.Debug|x64.ActiveCfg = Debug|x64
		{FA44B00C-A6BC-4F22-A791-CDB3FC19E3BD}.Debug|x64.Build.0 = Debug|x64
		{FA44B00C-A6BC-4F22-A791-CDB3FC19E3BD}.Debug|x86.ActiveCfg = Debug|Win32
		{FA44B00C-A6BC-4F22-A791-CDB3FC19E3BD}.Debug|x86.Build.0 = Debug|Win32
		{FA44B00C-A6BC-4F22-A791-CDB3FC19E3BD}.Release|x64.ActiveCfg = Release|x64
		{FA44B00C-A6BC-4F22-A791-CDB3FC19E3BD}.Release|x64.Build.0 = Release|x64
		{FA44B00C-A6BC-4F22-A791-CDB3FC19E3BD}.Release|x86.ActiveCfg = Release|Win32
		{FA44B00C-A6BC-4F22-A791-CDB3FC19E3BD}.Release|x86.Build.0 = Release|Win32
		{5F8DC44E-F641-4755-B481-B507E5833778}.Debug|x64.ActiveCfg = Debug|x64
		{5F8DC44E-F641-4755-B481-B507E5833778}.Debug|x64.Build.0 = Debug|x64
		{5F8DC44E-F641-4755-B481-B507E5833778}.Debug|x86.ActiveCfg = Debug|Win32
		{5F8DC44E-F641-4755-B481-B507E5833778}.Debug|x86.Build.0 = Debug|Win32
		{5F8DC44E-F641-4755-B481-B507E5833778}.Release|x64.ActiveCfg = Release|x64
		{5F8DC44E-F641-4755-B481-B507E5833778}.Release|x64.Build.0 = Release|x64
		{5F8DC44E-F641-4755-B481-B507E5833778}.Release|x86.ActiveCfg = Release|Win32
		{5F8DC44E-F641-4755-B481-B507E5833778}.Release|x86.Build.0 = Release|Win32
		{0FB8D0C1-D19A-44C5-BA9D-2191EA5A7AE1}.Debug|x64.ActiveCfg = Debug|x64
		{0FB8D0C1-D19A-44C5-BA9D-2191EA5A7AE1}.Debug|x64.Build.0 = Debug|x64
		{0FB8D0C1-D19A-44C5-BA9D-2191EA5A7AE1}.Debug|x86.ActiveCfg = Debug|Win32
		{0FB8D0C1-D19A-44C5-BA9D-2191EA5A7AE1}.Debug|x86.Build.0 = Debug|Win32
		{0FB8D0C1-D19A-44C5-BA9D-2191EA5A7AE1}.Release|x64.ActiveCfg = Release|x64
		{0FB8D0C1-D19A-44C5-BA9D-2191EA5A7AE1}.Release|x64.Build.0 = Release|x64
		{0FB8D0C1-D19A-44C5-BA9D-2191EA5A7AE1}.Release|x86.ActiveCfg = Release|Win32
		{0FB8D0C1-D19A-44C5-BA9D-2191EA5A7AE1}.Release|x86.Build.0 = Release|Win32
		{28441EE3-169D-4C1D-9415-CFBF0FB60EA3}.Debug|x64.ActiveCfg = Debug|x64
		{28441EE3-169D-4C1D-9415-CFBF0FB60EA3}.Debug|x64.Build.0 = Debug|x64
		{28441EE3-169D-4C1D-9415-CFBF0FB60EA3}.Debug|x86.ActiveCfg = Debug|Win32
		{28441EE3-169D-4C1D-9415-CFBF0FB60EA3}.Debug|x86.Build.0 = Debug|Win32
		{28441EE3-169D-4C1D-9415-CFBF0FB60EA3}.Release|x64.ActiveCfg = Release|x64
		{28441EE3-169D-4C1D-9415-CFBF0FB60EA3}.Release|x64.Build.0 = Release|x64
		{28441EE3-169D-4C1D-9415-CFBF0FB60EA3}.Release|x86.ActiveCfg = Release|Win32
		{28441EE3-169D-4C1D-9415-CFBF0FB60EA3}.Release|x86.Build.0 = Release|Win32
		{0A5A05D8-0DAA-4DD9-A0E1-5D5ADF183E26}.Debug|x64.ActiveCfg = Debug|x64
		{0A5A05D8-0DAA-4DD9-A0E1-5D5ADF183E26}.Debug|x64.Build.0 = Debug|x64
		{0A5A05D8-0DAA-4DD9-A0E1-5D5ADF183E26}.Debug|x86.ActiveCfg = Debug|Win32
		{0A5A05D8-0DAA-4DD9-A0E1-5D5ADF183E26}.Debug|x86.Build.0 = Debug|Win32
		{0A5A05D8-0DAA-4DD9-A0E1-5D5ADF183E26}.Release|x64.ActiveCfg = Release|x64
		{0A5A05D8-0DAA-4DD9-A0E1-5D5ADF183E26}.Release|x64.Build.0 = Release|x64
		{0A5A05D8-0DAA-4DD9-A0E1-5D5ADF183E26}.Release|x86.ActiveCfg = Release|Win32
		{0A5A05D8-0DAA-4DD9-A0E1-5D5ADF183E26}.Release|x86.Build.0 = Release|Win32
		{E6434286-4FE1-4F04-9345-53AC96940455}.Debug|x64.ActiveCfg = Debug|x64
		{E6434286-4FE1-4F04-9345-53AC96940455}.Debug|x64.Build.0 = Debug|x64
		{E6434286-4FE1-4F04-9345-53AC96940455}.Debug|x86.ActiveCfg = Debug|Win32
		{E6434286-4FE1-4F04-9345-53AC96940455}.Debug|x86.Build.0 = Debug|Win32
		{E6434286-4FE1-4F04-9345-53AC96940455}.Release|x64.ActiveCfg = Release|x64
		{E6434286-4FE1-4F04-9345-53AC96940455}.Release|x64.Build.0 = Release|x64
		{E6434286-4FE1-4F04-9345-53AC96940455}.Release|x86.ActiveCfg = Release|Win32
		{E6434286-4FE1-4F04-9345-53AC96940455}.Release|x86.Build.0 = Release|Win32
		{C2DB4E31-CFA8-4E1F-9D9E-7A4E208E5C19}.Debug|x64.ActiveCfg = Debug|x64
		{C2DB4E31-CFA8-4E1F-9D9E-7A4E208E5C19}.Debug|x64.Build.0 = Debug|x64
		{C2DB4E31-CFA8-4E1F-9D9E-7A4E208E5C19}.Debug|x86.ActiveCfg = Debug|Win32
		{C2DB4E31-CFA8-4E1F-9D9E-7A4E208E5C19}.Debug|x86.Build.0 = Debug|Win32
		{C2DB4E31-CFA8-4E1F-9D9E-7A4E208E5C19}.Release|x64.ActiveCfg = Release|x64
		{C2DB4E31-CFA8-4E1F-9D9E-7A4E208E5C19}.Release|x64.Build.0 = Release|x64
		{C2DB4E31-CFA8-4E1F-9D9E-7A4E208E5C19}.Release|x86.ActiveCfg = Release|Win32
		{C2DB4E31-CFA8-4E1F-9D9E-7A4E208E5C19}.Release|x86.Build.0 = Release|Win32
		{23E1A578-FE46-4E3D-98C0-C14C148A25B5}.Debug|x64.ActiveCfg = Debug|x64
		{23E1A578-FE46-4E3D-98C0-C14C148A25B5}.Debug|x64.Build.0 = Debug|x64
		{23E1A578-FE46-4E3D-98C0-C14C148A25B5}.Debug|x86.ActiveCfg = Debug|Win32
		{23E1A578-FE46-4E3D-98C0-C14C148A25B5}.Debug|x86.Build.0 = Debug|Win32
		{23E1A578-FE46-4E3D-98C0-C14C148A25B5}.Release|x64.ActiveCfg = Release|x64
		{23E1A578-FE46-4E3D-98C0-C14C148A25B5}.Release|x64.Build.0 = Release|x64
		{23E1A578-FE46-4E3D-98C0-C14C148A25B5}.Release|x86.ActiveCfg = Release|Win32
		{23E1A578-FE46-4E3D-98C0-C14C148A25B5}.Release|x86.Build.0 = Release|Win32
		{D480CDFD-6929-431D-8C82-1C38E53B2496}.Debug|x64.ActiveCfg = Debug|x64
		{D480CDFD-6929-431D-8C82-1C38E53B2496}.Debug|x64.Build.0 = Debug|x64
		{D480CDFD-6929-431D-8C82-1C38E53B2496}.Debug|x86.ActiveCfg = Debug|Win32
		{D480CDFD-6929-431D-8C82-1C38E53B2496}.Debug|x86.Build.0 = Debug|Win32
		{D480CDFD-6929-431D-8C82-1C38E53B2496}.Release|x64.ActiveCfg = Release|x64
		{D480CDFD-6929-431D-8C82-1C38E53B2496}.Release|x64.Build.0 = Release|x64
		{D480CDFD-6929-431D-8C82-1C38E53B2496}.Release|x86.ActiveCfg = Release|Win32
		{D480CDFD-6929-431D-8C82-1C38E53B2496}.Release|x86.Build.0 = Release|Win32
		{DF113946-3298-4BD3-9D4C-E459C93BF304}.Debug|x64.ActiveCfg = Debug|x64
		{DF113946-3298-4BD3-9D4C-E459C93BF304}.Debug|x64.Build.0 = Debug|x64
		{DF113946-3298-4BD3-9D4C-E459C93BF304}.Debug|x86.ActiveCfg = Debug|Win32
		{DF113946-3298-4BD3-9D4C-E459C93BF304}.Debug|x86.Build.0 = Debug|Win32
		{DF113946-3298-4BD3-9D4C-E459C93BF304}.Release|x64.ActiveCfg = Release|x64
		{DF113946-3298-4BD3-9D4C-E459C93BF304}.Release|x64.Build.0 = Release|x64
		{DF113946-3298-4BD3-9D4C-E459C93BF304}.Release|x86.ActiveCfg = Release|Win32
		{DF113946-3298-4BD3-9D4C-E459C93BF304}.Release|x86.Build.0 = Release|Win32
		{C9852696-4F56-425A-9101-932CDC206DAD}.Debug|x64.ActiveCfg = Debug|x64
		{C9852696-4F56-425A-9101-932CDC206DAD}.Debug|x64.Build.0 = Debug|x64
		{C9852696-4F56-425A-9101-932CDC206DAD}.Debug|x86.ActiveCfg = Debug|Win32
		{C9852696-4F56-425A-9101-932CDC206DAD}.Debug|x86.Build.0 = Debug|Win32
		{C9852696-4F56-425A-9101-932CDC206DAD}.Release|x64.ActiveCfg = Release|x64
		{C9852696-4F56-425A-9101-932CDC206DAD}.Release|x64.Build.0 = Release|x64
		{C9852696-4F56-425A-9101-932CDC206DAD}.Release|x86.ActiveCfg = Release|Win32
		{C9852696-4F56-425A-9101-932CDC206DAD}.Release|x86.Build.0 = Release|Win32
		{D1758D39-37C6-427B-B83F-EA2A9E5CAB2D}.Debug|x64.ActiveCfg = Debug|x64
		{D1758D39-37C6-427B-B83F-EA2A9E5CAB2D}.Debug|x64.Build.0 = Debug|x64
		{D1758D39-37C6-427B-B83F-EA2A9E5CAB2D}.Debug|x86.ActiveCfg = Debug|Win32
		{D1758D39-37C6-427B-B83F-EA2A9E5CAB2D}.Debug|x86.Build.0 = Debug|Win32
		{D1758D39-37C6-427B-B83F-EA2A9E5CAB2D}.Release|x64.ActiveCfg = Release|x64
		{D1758D39-37C6-427B-B83F-EA2A9E5CAB2D}.Release|x64.Build.0 = Release|x64
		{D1758D39-37C6-427B-B83F-EA2A9E5CAB2D}.Release|x86.ActiveCfg = Release|Win32
		{D1758D39-37C6-427B-B83F-EA2A9E5CAB2D}.Release|x86.Build.0 = Release|Win32
		{B9D37E99-230F-4D68-B536-13EE6F70F7D4}.Debug|x64.ActiveCfg = Debug|x64
		{B9D37E99-230F-4D68-B536-13EE6F70F7D4}.Debug|x64.Build.0 = Debug|x64
		{B9D37E99-230F-4D68-B536-13EE6F70F7D4}.Debug|x86.ActiveCfg = Debug|Win32
		{B9D37E99-230F-4D68-B536-13EE6F70F7D4}.Debug|x86.Build.0 = Debug|Win32
		{B9D37E99-230F-4D68-B536-13EE6F70F7D4}.Release|x64.ActiveCfg = Release|x64
		{B9D37E99-230F-4D68-B536-13EE6F70F7D4}.Release|x64.Build.0 = Release|x64
		{B9D37E99-230F-4D68-B536-13EE6F70F7D4}.Release|x86.ActiveCfg = Release|Win32
		{B9D37E99-230F-4D68-B536-13EE6F70F7D4}.Release|x86.Build.0 = Release|Win32
		{E8F63068-5983-4287-A739-FC07437686DE}.Debug|x64.ActiveCfg = Debug|x64
		{E8F63068-5983-4287-A739-FC07437686DE}.Debug|x64.Build.0 = Debug|x64
		{E8F63068-5983-4287-A739-FC07437686DE}.Debug|x86.ActiveCfg = Debug|Win32
		{E8F63068-5983-4287-A739-FC07437686DE}.Debug|x86.Build.0 = Debug|Win32
		{E8F63068-5983-4287-A739-FC07437686DE}.Release|x64.ActiveCfg = Release|x64
		{E8F63068-5983-4287-A739-FC07437686DE}.Release|x64.Build.0 = Release|x64
		{E8F63068-5983-4287-A739-FC07437686DE}.Release|x86.ActiveCfg = Release|Win32
		{E8F63068-5983-4287-A739-FC07437686DE}.Release|x86.Build.0 = Release|Win32
		{ED197A10-4F4A-48DC-95ED-126210CA5755}.Debug|x64.ActiveCfg = Debug|x64
		{ED197A10-4F4A-48DC-95ED-126210CA5755}.Debug|x64.Build.0 = Debug|x64
		{ED197A10-4F4A-48DC-95ED-126210CA5755}.Debug|x86.ActiveCfg = Debug|Win32
		{ED197A10-4F4A-48DC-95ED-126210CA5755}.Debug|x86.Build.0 = Debug|Win32
		{ED197A10-4F4A-48DC-95ED-126210CA5755}.Release|x64.ActiveCfg = Release|x64
		{ED197A10-4F4A-48DC-95ED-126210CA5755}.Release|x64.Build.0 = Release|x64
		{ED197A10-4F4A-48DC-95ED-126210CA5755}.Release|x86.ActiveCfg = Release|Win32
		{ED197A10-4F4A-48DC-95ED-126210CA5755}.Release|x86.Build.0 = Release|Win32
		{B70E2B81-9BB4-4ABD-B7A8-A3A3782DFE4C}.Debug|x64.ActiveCfg = Debug|x64
		{B70E2B81-9BB4-4ABD-B7A8-A3A3782DFE4C}.Debug|x64.Build.0 = Debug|x64
		{B70E2B81-9BB4-4ABD-B7A8-A3A3782DFE4C}.Debug|x86.ActiveCfg = Debug|Win32
		{B70E2B81-9BB4-4ABD-B7A8-A3A3782DFE4C}.Debug|x86.Build.0 = Debug|Win32
		{B70E2B81-9BB4-4ABD-B7A8-A3A3782DFE4C}.Release|x64.ActiveCfg = Release|x64
		{B70E2B81-9BB4-4ABD-B7A8-A3A3782DFE4C}.Release|x64.Build.0 = Release|x64
		{B70E2B81-9BB4-4ABD-B7A8-A3A3782DFE4C}.Release|x86.ActiveCfg = Release|Win32
		{B70E2B81-9BB4-4ABD-B7A8-A3A3782DFE4C}.Release|x86.Build.0 = Release|Win32
		{3CEE1912-8502-4E94-A45F-93C7393AC3E6}.Debug|x64.ActiveCfg = Debug|x64
		{3CEE1912-8502-4E94-A45F-93C7393AC3E6}.Debug|x64.Build.0 = Debug|x64
		{3CEE1912-8502-4E94-A45F-93C7393AC3E6}.Debug|x86.ActiveCfg = Debug|Win32
		{3CEE1912-8502-4E94-A45F-93C7393AC3E6}.Debug|x86.Build.0 = Debug|Win32
		{3CEE1912-8502-4E94-A45F-93C7393AC3E6}.Release|x64.ActiveCfg = Release|x64
		{3CEE1912-8502-4E94-A45F-93C7393AC3E6}.Release|x64.Build.0 = Release|x64
		{3CEE1912-8502-4E94-A45F-93C7393AC3E6}.Release|x86.ActiveCfg = Release|Win32
		{3CEE1912-8502-4E94-A45F-93C7393AC3E6}.Release|x86.Build.0 = Release|Win32
		{12C45F26-3529-4DF2-96AE-844B537C65AB}.Debug|x64.ActiveCfg = Debug|x64
		{12C45F26-3529-4DF2-96AE-844B537C65AB}.Debug|x64.Build.0 = Debug|x64
		{12C45F26-3529-4DF2-96AE-844B537C65AB}.Debug|x86.ActiveCfg = Debug|Win32
		{12C45F26-3529-4DF2-96AE-844B537C65AB}.Debug|x86.Build.0 = Debug|Win32
		{12C45F26-3529-4DF2-96AE-844B537C65AB}.Release|x64.ActiveCfg = Release|x64
		{12C45F26-3529-4DF2-96AE-844B537C65AB}.Release|x64.Build.0 = Release|x64
		{12C45F26-3529-4DF2-96AE-844B537C65AB}.Release|x86.ActiveCfg = Release|Win32
		{12C45F26-3529-4DF2-96AE-844B537C65AB}.Release|x86.Build.0 = Release|Win32
		{02411D35-840E-4B65-93BF-82FD366DE72B}.Debug|x64.ActiveCfg = Debug|x64
		{02411D35-840E-4B65-93BF-82FD366DE72B}.Debug|x64.Build.0 = Debug|x64
		{02411D35-840E-4B65-93BF-82FD366DE72B}.Debug|x86.ActiveCfg = Debug|Win32
		{02411D35-840E-4B65-93BF-82FD366DE72B}.Debug|x86.Build.0 = Debug|Win32
		{02411D35-840E-4B65-93BF-82FD366DE72B}.Release|x64.ActiveCfg = Release|x64
		{02411D35-840E-4B65-93BF-82FD366DE72B}.Release|x64.Build.0 = Release|x64
		{02411D35-840E-4B65-93BF-82FD366DE72B}.Release|x86.ActiveCfg = Release|Win32
		{02411D35-840E-4B65-93BF-82FD366DE72B}.Release|x86.Build.0 = Release|Win32
		{BEC3B83D-1F21-4AE2-9A53-24C120503676}.Debug|x64.ActiveCfg = Debug|x64
		{BEC3B83D-1F21-4AE2-9A53-24C120503676}.Debug|x64.Build.0 = Debug|x64
		{BEC3B83D-1F21-4AE2-9A53-24C120503676}.Debug|x86.ActiveCfg = Debug|Win32
		{BEC3B83D-1F21-4AE2-9A53-24C120503676}.Debug|x86.Build.0 = Debug|Win32
		{BEC3B83D-1F21-4AE2-9A53-24C120503676}.Release|x64.ActiveCfg = Release|x64
		{BEC3B83D-1F21-4AE2-9A53-24C120503676}.Release|x64.Build.0 = Release|x64
		{BEC3B83D-1F21-4AE2-9A53-24C120503676}.Release|x86.ActiveCfg = Release|Win32
		{BEC3B83D-1F21-4AE2-9A53-24C120503676}.Release|x86.Build.0 = Release|Win32
		{8578664C-8AA0-4B64-A296-94BE889270A8}.Debug|x64.ActiveCfg = Debug|x64
		{8578664C-8AA0-4B64-A296-94BE889270A8}.Debug|x64.Build.0 = Debug|x64
		{8578664C-8AA0-4B64-A296-94BE889270A8}.Debug|x86.ActiveCfg = Debug|Win32
		{8578664C-8AA0-4B64-A296-94BE889270A8}.Debug|x86.Build.0 = Debug|Win32
		{8578664C-8AA0-4B64-A296-94BE889270A8}.Release|x64.ActiveCfg = Release|x64
		{8578664C-8AA0-4B64-A296-94BE889270A8}.Release|x64.Build.0 = Release|x64
		{8578664C-8AA0-4B64-A296-94BE889270A8}.Release|x86.ActiveCfg = Release|Win32
		{8578664C-8AA0-4B64-A296-94BE889270A8}.Release|x86.Build.0 = Release|Win32
		{9B786AB8-EB57-429D-AE00-7C70A631BDB3}.Debug|x64.ActiveCfg = Debug|x64
		{9B786AB8-EB57-429D-AE00-7C70A631BDB3}.Debug|x64.Build.0 = Debug|x64
		{9B786AB8-EB57-429D-AE00-7C70A631BDB3}.Debug|x86.ActiveCfg = Debug|Win32
		{9B786AB8-EB57-429D-AE00-7C70A631BDB3}.Debug|x86.Build.0 = Debug|Win32
		{9B786AB8-EB57-429D-AE00-7C70A631BDB3}.Release|x64.ActiveCfg = Release|x64
		{9B786AB8-EB57-429D-AE00-7C70A631BDB3}.Release|x64.Build.0 = Release|x64
		{9B786AB8-EB57-429D-AE00-7C70A631BDB3}.Release|x86.ActiveCfg = Release|Win32
		{9B786AB8-EB57-429D-AE00-7C70A631BDB3}.Release|x86.Build.0 = Release|Win32
		{6477D541-077E-4F48-9F88-2232FC58EA3A}.Debug|x64.ActiveCfg = Debug|x64
		{6477D541-077E-4F48-9F88-2232FC58EA3A}.Debug|x64.Build.0 = Debug|x64
		{6477D541-077E-4F48-9F88-2232FC58EA3A}.Debug|x86.ActiveCfg = Debug|Win32
		{6477D541-077E-4F48-9F88-2232FC58EA3A}.Debug|x86.Build.0 = Debug|Win32
		{6477D541-077E-4F48-9F88-2232FC58EA3A}.Release|x64.ActiveCfg = Release|x64
		{6477D541-077E-4F48-9F88-2232FC58EA3A}.Release|x64.Build.0 = Release|x64
		{6477D541-077E-4F48-9F88-2232FC58EA3A}.Release|x86.ActiveCfg = Release|Win32
		{6477D541-077E-4F48-9F88-2232FC58EA3A}.Release|x86.Build.0 = Release|Win32
		{74175E1A-7F47-4267-B099-4D80EFDAC2FD}.Debug|x64.ActiveCfg = Debug|x64
		{74175E1A-7F47-4267-B099-4D80EFDAC2FD}.Debug|x64.Build.0 = Debug|x64
		{74175E1A-7F47-4267-B099-4D80EFDAC2FD}.Debug|x86.ActiveCfg = Debug|Win32
		{74175E1A-7F47-4267-B099-4D80EFDAC2FD}.Debug|x86.Build.0 = Debug|Win32
		{74175E1A-7F47-4267-B099-4D80EFDAC2FD}.Release|x64.ActiveCfg = Release|x64
		{74175E1A-7F47-4267-B099-4D80EFDAC2FD}.Release|x64.Build.0 = Release|x64
		{74175E1A-7F47-4267-B099-4D80EFDAC2FD}.Release|x86.ActiveCfg = Release|Win32
		{74175E1A-7F47-4267-B099-4D80EFDAC2FD}.Release|x86.Build.0 = Release|Win32
	EndGlobalSection
	GlobalSection(SolutionProperties) = preSolution
		HideSolutionNode = FALSE
	EndGlobalSection
	GlobalSection(ExtensibilityGlobals) = postSolution
		SolutionGuid = {251A2D52-7B45-4A84-932C-4B4B185791A0}
	EndGlobalSection
EndGlobal
