
Microsoft Visual Studio Solution File, Format Version 12.00
# Visual Studio Version 17
VisualStudioVersion = 17.6.33829.357
MinimumVisualStudioVersion = 10.0.40219.1
Project("{8BC9CEB8-8B4A-11D0-8D11-00A0C91BC942}") = "OpenCVGeneral", "OpenCVGeneral\OpenCVGeneral.vcxproj", "{68D05486-1D09-4B2C-8134-80825430A2D5}"
EndProject
Project("{8BC9CEB8-8B4A-11D0-8D11-00A0C91BC942}") = "OpenCV Basics", "OpenCV Basics\OpenCV Basics.vcxproj", "{D2C01F82-79DC-4620-B12C-8F29FD373A09}"
	ProjectSection(ProjectDependencies) = postProject
		{68D05486-1D09-4B2C-8134-80825430A2D5} = {68D05486-1D09-4B2C-8134-80825430A2D5}
	EndProjectSection
EndProject
Project("{8BC9CEB8-8B4A-11D0-8D11-00A0C91BC942}") = "Brightness and Constrast", "Brightness and Constrast\Brightness and Constrast.vcxproj", "{9FC65241-B8B7-47C9-9859-6A74947E7721}"
EndProject
Project("{8BC9CEB8-8B4A-11D0-8D11-00A0C91BC942}") = "Drawing", "Drawing\Drawing.vcxproj", "{39ADBF5B-8B6C-4E62-B58E-DB7FFF707F60}"
EndProject
Project("{8BC9CEB8-8B4A-11D0-8D11-00A0C91BC942}") = "Kernels", "Kernels\Kernels.vcxproj", "{00722C3D-848A-4A24-B119-FAFBF968FE65}"
EndProject
Project("{8BC9CEB8-8B4A-11D0-8D11-00A0C91BC942}") = "Manual Convolution", "Manual Convolution\Manual Convolution.vcxproj", "{BF42D338-B24A-4EF6-A9B1-5470AF3F3430}"
EndProject
Project("{8BC9CEB8-8B4A-11D0-8D11-00A0C91BC942}") = "Smoothing Images with filters", "Smoothing Images with filters\Smoothing Images with filters.vcxproj", "{A91C5169-D0A0-43FB-A614-1AFFA97B7103}"
EndProject
Project("{8BC9CEB8-8B4A-11D0-8D11-00A0C91BC942}") = "Video from Camera", "Video from Camera\Video from Camera.vcxproj", "{60D90736-1E70-49E7-9A7A-B93F9FFA34E4}"
EndProject
Project("{8BC9CEB8-8B4A-11D0-8D11-00A0C91BC942}") = "Eroding and Dilating", "Eroding and Dilating\Eroding and Dilating.vcxproj", "{65285A0F-ED2B-4351-8EE2-741A6C16942A}"
EndProject
Project("{2150E333-8FDC-42A3-9474-1A3956D46DE8}") = "Morphological transformations", "Morphological transformations", "{513FB755-92C9-4E7F-8264-D95B45D74314}"
EndProject
Project("{8BC9CEB8-8B4A-11D0-8D11-00A0C91BC942}") = "Opening, Closing, Morphological Gradient, Top Hat, Black Hat,", "Opening, Closing, Morphological Gradient, Top Hat, Black Hat,\Opening, Closing, Morphological Gradient, Top Hat, Black Hat,.vcxproj", "{631BBABD-00DD-416F-8DD9-614FF46D6AA0}"
EndProject
Project("{8BC9CEB8-8B4A-11D0-8D11-00A0C91BC942}") = "Horizontal and vertical line extraction", "Horizontal and vertical line extraction\Horizontal and vertical line extraction.vcxproj", "{26D04411-8BB9-4D03-BE01-047642A28521}"
EndProject
Project("{8BC9CEB8-8B4A-11D0-8D11-00A0C91BC942}") = "Downsample and Upsample", "Downsample and Upsample\Downsample and Upsample.vcxproj", "{586AB804-8FC0-4675-849F-A59FD7AA0EB5}"
EndProject
Project("{8BC9CEB8-8B4A-11D0-8D11-00A0C91BC942}") = "Thresholding", "Thresholding\Thresholding.vcxproj", "{52B7068B-A02C-4203-9410-E8B1DFA92157}"
EndProject
Project("{2150E333-8FDC-42A3-9474-1A3956D46DE8}") = "Contours", "Contours", "{03D87269-A24E-4CA6-86F4-35D88982D222}"
EndProject
Project("{8BC9CEB8-8B4A-11D0-8D11-00A0C91BC942}") = "Sobel and Laplace operators", "Sobel and Laplace operators\Sobel and Laplace operators.vcxproj", "{1926F456-8442-4B87-A429-E06D9130FD6D}"
EndProject
Project("{8BC9CEB8-8B4A-11D0-8D11-00A0C91BC942}") = "Straight line detection", "Straight line detection\Straight line detection.vcxproj", "{71BA4317-E11D-41CF-8EE0-BC722FAF732D}"
EndProject
Project("{8BC9CEB8-8B4A-11D0-8D11-00A0C91BC942}") = "Convex Hull", "Convex Hull\Convex Hull.vcxproj", "{0DC480A6-1A55-4474-976B-00EA2FD0FB54}"
EndProject
Global
	GlobalSection(SolutionConfigurationPlatforms) = preSolution
		Debug|x64 = Debug|x64
		Debug|x86 = Debug|x86
		Release|x64 = Release|x64
		Release|x86 = Release|x86
	EndGlobalSection
	GlobalSection(ProjectConfigurationPlatforms) = postSolution
		{68D05486-1D09-4B2C-8134-80825430A2D5}.Debug|x64.ActiveCfg = Debug|x64
		{68D05486-1D09-4B2C-8134-80825430A2D5}.Debug|x64.Build.0 = Debug|x64
		{68D05486-1D09-4B2C-8134-80825430A2D5}.Debug|x86.ActiveCfg = Debug|Win32
		{68D05486-1D09-4B2C-8134-80825430A2D5}.Debug|x86.Build.0 = Debug|Win32
		{68D05486-1D09-4B2C-8134-80825430A2D5}.Release|x64.ActiveCfg = Release|x64
		{68D05486-1D09-4B2C-8134-80825430A2D5}.Release|x64.Build.0 = Release|x64
		{68D05486-1D09-4B2C-8134-80825430A2D5}.Release|x86.ActiveCfg = Release|Win32
		{68D05486-1D09-4B2C-8134-80825430A2D5}.Release|x86.Build.0 = Release|Win32
		{D2C01F82-79DC-4620-B12C-8F29FD373A09}.Debug|x64.ActiveCfg = Debug|x64
		{D2C01F82-79DC-4620-B12C-8F29FD373A09}.Debug|x64.Build.0 = Debug|x64
		{D2C01F82-79DC-4620-B12C-8F29FD373A09}.Debug|x86.ActiveCfg = Debug|Win32
		{D2C01F82-79DC-4620-B12C-8F29FD373A09}.Debug|x86.Build.0 = Debug|Win32
		{D2C01F82-79DC-4620-B12C-8F29FD373A09}.Release|x64.ActiveCfg = Release|x64
		{D2C01F82-79DC-4620-B12C-8F29FD373A09}.Release|x64.Build.0 = Release|x64
		{D2C01F82-79DC-4620-B12C-8F29FD373A09}.Release|x86.ActiveCfg = Release|Win32
		{D2C01F82-79DC-4620-B12C-8F29FD373A09}.Release|x86.Build.0 = Release|Win32
		{9FC65241-B8B7-47C9-9859-6A74947E7721}.Debug|x64.ActiveCfg = Debug|x64
		{9FC65241-B8B7-47C9-9859-6A74947E7721}.Debug|x64.Build.0 = Debug|x64
		{9FC65241-B8B7-47C9-9859-6A74947E7721}.Debug|x86.ActiveCfg = Debug|Win32
		{9FC65241-B8B7-47C9-9859-6A74947E7721}.Debug|x86.Build.0 = Debug|Win32
		{9FC65241-B8B7-47C9-9859-6A74947E7721}.Release|x64.ActiveCfg = Release|x64
		{9FC65241-B8B7-47C9-9859-6A74947E7721}.Release|x64.Build.0 = Release|x64
		{9FC65241-B8B7-47C9-9859-6A74947E7721}.Release|x86.ActiveCfg = Release|Win32
		{9FC65241-B8B7-47C9-9859-6A74947E7721}.Release|x86.Build.0 = Release|Win32
		{39ADBF5B-8B6C-4E62-B58E-DB7FFF707F60}.Debug|x64.ActiveCfg = Debug|x64
		{39ADBF5B-8B6C-4E62-B58E-DB7FFF707F60}.Debug|x64.Build.0 = Debug|x64
		{39ADBF5B-8B6C-4E62-B58E-DB7FFF707F60}.Debug|x86.ActiveCfg = Debug|Win32
		{39ADBF5B-8B6C-4E62-B58E-DB7FFF707F60}.Debug|x86.Build.0 = Debug|Win32
		{39ADBF5B-8B6C-4E62-B58E-DB7FFF707F60}.Release|x64.ActiveCfg = Release|x64
		{39ADBF5B-8B6C-4E62-B58E-DB7FFF707F60}.Release|x64.Build.0 = Release|x64
		{39ADBF5B-8B6C-4E62-B58E-DB7FFF707F60}.Release|x86.ActiveCfg = Release|Win32
		{39ADBF5B-8B6C-4E62-B58E-DB7FFF707F60}.Release|x86.Build.0 = Release|Win32
		{00722C3D-848A-4A24-B119-FAFBF968FE65}.Debug|x64.ActiveCfg = Debug|x64
		{00722C3D-848A-4A24-B119-FAFBF968FE65}.Debug|x64.Build.0 = Debug|x64
		{00722C3D-848A-4A24-B119-FAFBF968FE65}.Debug|x86.ActiveCfg = Debug|Win32
		{00722C3D-848A-4A24-B119-FAFBF968FE65}.Debug|x86.Build.0 = Debug|Win32
		{00722C3D-848A-4A24-B119-FAFBF968FE65}.Release|x64.ActiveCfg = Release|x64
		{00722C3D-848A-4A24-B119-FAFBF968FE65}.Release|x64.Build.0 = Release|x64
		{00722C3D-848A-4A24-B119-FAFBF968FE65}.Release|x86.ActiveCfg = Release|Win32
		{00722C3D-848A-4A24-B119-FAFBF968FE65}.Release|x86.Build.0 = Release|Win32
		{BF42D338-B24A-4EF6-A9B1-5470AF3F3430}.Debug|x64.ActiveCfg = Debug|x64
		{BF42D338-B24A-4EF6-A9B1-5470AF3F3430}.Debug|x64.Build.0 = Debug|x64
		{BF42D338-B24A-4EF6-A9B1-5470AF3F3430}.Debug|x86.ActiveCfg = Debug|Win32
		{BF42D338-B24A-4EF6-A9B1-5470AF3F3430}.Debug|x86.Build.0 = Debug|Win32
		{BF42D338-B24A-4EF6-A9B1-5470AF3F3430}.Release|x64.ActiveCfg = Release|x64
		{BF42D338-B24A-4EF6-A9B1-5470AF3F3430}.Release|x64.Build.0 = Release|x64
		{BF42D338-B24A-4EF6-A9B1-5470AF3F3430}.Release|x86.ActiveCfg = Release|Win32
		{BF42D338-B24A-4EF6-A9B1-5470AF3F3430}.Release|x86.Build.0 = Release|Win32
		{A91C5169-D0A0-43FB-A614-1AFFA97B7103}.Debug|x64.ActiveCfg = Debug|x64
		{A91C5169-D0A0-43FB-A614-1AFFA97B7103}.Debug|x64.Build.0 = Debug|x64
		{A91C5169-D0A0-43FB-A614-1AFFA97B7103}.Debug|x86.ActiveCfg = Debug|Win32
		{A91C5169-D0A0-43FB-A614-1AFFA97B7103}.Debug|x86.Build.0 = Debug|Win32
		{A91C5169-D0A0-43FB-A614-1AFFA97B7103}.Release|x64.ActiveCfg = Release|x64
		{A91C5169-D0A0-43FB-A614-1AFFA97B7103}.Release|x64.Build.0 = Release|x64
		{A91C5169-D0A0-43FB-A614-1AFFA97B7103}.Release|x86.ActiveCfg = Release|Win32
		{A91C5169-D0A0-43FB-A614-1AFFA97B7103}.Release|x86.Build.0 = Release|Win32
		{60D90736-1E70-49E7-9A7A-B93F9FFA34E4}.Debug|x64.ActiveCfg = Debug|x64
		{60D90736-1E70-49E7-9A7A-B93F9FFA34E4}.Debug|x64.Build.0 = Debug|x64
		{60D90736-1E70-49E7-9A7A-B93F9FFA34E4}.Debug|x86.ActiveCfg = Debug|Win32
		{60D90736-1E70-49E7-9A7A-B93F9FFA34E4}.Debug|x86.Build.0 = Debug|Win32
		{60D90736-1E70-49E7-9A7A-B93F9FFA34E4}.Release|x64.ActiveCfg = Release|x64
		{60D90736-1E70-49E7-9A7A-B93F9FFA34E4}.Release|x64.Build.0 = Release|x64
		{60D90736-1E70-49E7-9A7A-B93F9FFA34E4}.Release|x86.ActiveCfg = Release|Win32
		{60D90736-1E70-49E7-9A7A-B93F9FFA34E4}.Release|x86.Build.0 = Release|Win32
		{65285A0F-ED2B-4351-8EE2-741A6C16942A}.Debug|x64.ActiveCfg = Debug|x64
		{65285A0F-ED2B-4351-8EE2-741A6C16942A}.Debug|x64.Build.0 = Debug|x64
		{65285A0F-ED2B-4351-8EE2-741A6C16942A}.Debug|x86.ActiveCfg = Debug|Win32
		{65285A0F-ED2B-4351-8EE2-741A6C16942A}.Debug|x86.Build.0 = Debug|Win32
		{65285A0F-ED2B-4351-8EE2-741A6C16942A}.Release|x64.ActiveCfg = Release|x64
		{65285A0F-ED2B-4351-8EE2-741A6C16942A}.Release|x64.Build.0 = Release|x64
		{65285A0F-ED2B-4351-8EE2-741A6C16942A}.Release|x86.ActiveCfg = Release|Win32
		{65285A0F-ED2B-4351-8EE2-741A6C16942A}.Release|x86.Build.0 = Release|Win32
		{631BBABD-00DD-416F-8DD9-614FF46D6AA0}.Debug|x64.ActiveCfg = Debug|x64
		{631BBABD-00DD-416F-8DD9-614FF46D6AA0}.Debug|x64.Build.0 = Debug|x64
		{631BBABD-00DD-416F-8DD9-614FF46D6AA0}.Debug|x86.ActiveCfg = Debug|Win32
		{631BBABD-00DD-416F-8DD9-614FF46D6AA0}.Debug|x86.Build.0 = Debug|Win32
		{631BBABD-00DD-416F-8DD9-614FF46D6AA0}.Release|x64.ActiveCfg = Release|x64
		{631BBABD-00DD-416F-8DD9-614FF46D6AA0}.Release|x64.Build.0 = Release|x64
		{631BBABD-00DD-416F-8DD9-614FF46D6AA0}.Release|x86.ActiveCfg = Release|Win32
		{631BBABD-00DD-416F-8DD9-614FF46D6AA0}.Release|x86.Build.0 = Release|Win32
		{26D04411-8BB9-4D03-BE01-047642A28521}.Debug|x64.ActiveCfg = Debug|x64
		{26D04411-8BB9-4D03-BE01-047642A28521}.Debug|x64.Build.0 = Debug|x64
		{26D04411-8BB9-4D03-BE01-047642A28521}.Debug|x86.ActiveCfg = Debug|Win32
		{26D04411-8BB9-4D03-BE01-047642A28521}.Debug|x86.Build.0 = Debug|Win32
		{26D04411-8BB9-4D03-BE01-047642A28521}.Release|x64.ActiveCfg = Release|x64
		{26D04411-8BB9-4D03-BE01-047642A28521}.Release|x64.Build.0 = Release|x64
		{26D04411-8BB9-4D03-BE01-047642A28521}.Release|x86.ActiveCfg = Release|Win32
		{26D04411-8BB9-4D03-BE01-047642A28521}.Release|x86.Build.0 = Release|Win32
		{586AB804-8FC0-4675-849F-A59FD7AA0EB5}.Debug|x64.ActiveCfg = Debug|x64
		{586AB804-8FC0-4675-849F-A59FD7AA0EB5}.Debug|x64.Build.0 = Debug|x64
		{586AB804-8FC0-4675-849F-A59FD7AA0EB5}.Debug|x86.ActiveCfg = Debug|Win32
		{586AB804-8FC0-4675-849F-A59FD7AA0EB5}.Debug|x86.Build.0 = Debug|Win32
		{586AB804-8FC0-4675-849F-A59FD7AA0EB5}.Release|x64.ActiveCfg = Release|x64
		{586AB804-8FC0-4675-849F-A59FD7AA0EB5}.Release|x64.Build.0 = Release|x64
		{586AB804-8FC0-4675-849F-A59FD7AA0EB5}.Release|x86.ActiveCfg = Release|Win32
		{586AB804-8FC0-4675-849F-A59FD7AA0EB5}.Release|x86.Build.0 = Release|Win32
		{52B7068B-A02C-4203-9410-E8B1DFA92157}.Debug|x64.ActiveCfg = Debug|x64
		{52B7068B-A02C-4203-9410-E8B1DFA92157}.Debug|x64.Build.0 = Debug|x64
		{52B7068B-A02C-4203-9410-E8B1DFA92157}.Debug|x86.ActiveCfg = Debug|Win32
		{52B7068B-A02C-4203-9410-E8B1DFA92157}.Debug|x86.Build.0 = Debug|Win32
		{52B7068B-A02C-4203-9410-E8B1DFA92157}.Release|x64.ActiveCfg = Release|x64
		{52B7068B-A02C-4203-9410-E8B1DFA92157}.Release|x64.Build.0 = Release|x64
		{52B7068B-A02C-4203-9410-E8B1DFA92157}.Release|x86.ActiveCfg = Release|Win32
		{52B7068B-A02C-4203-9410-E8B1DFA92157}.Release|x86.Build.0 = Release|Win32
		{1926F456-8442-4B87-A429-E06D9130FD6D}.Debug|x64.ActiveCfg = Debug|x64
		{1926F456-8442-4B87-A429-E06D9130FD6D}.Debug|x64.Build.0 = Debug|x64
		{1926F456-8442-4B87-A429-E06D9130FD6D}.Debug|x86.ActiveCfg = Debug|Win32
		{1926F456-8442-4B87-A429-E06D9130FD6D}.Debug|x86.Build.0 = Debug|Win32
		{1926F456-8442-4B87-A429-E06D9130FD6D}.Release|x64.ActiveCfg = Release|x64
		{1926F456-8442-4B87-A429-E06D9130FD6D}.Release|x64.Build.0 = Release|x64
		{1926F456-8442-4B87-A429-E06D9130FD6D}.Release|x86.ActiveCfg = Release|Win32
		{1926F456-8442-4B87-A429-E06D9130FD6D}.Release|x86.Build.0 = Release|Win32
		{71BA4317-E11D-41CF-8EE0-BC722FAF732D}.Debug|x64.ActiveCfg = Debug|x64
		{71BA4317-E11D-41CF-8EE0-BC722FAF732D}.Debug|x64.Build.0 = Debug|x64
		{71BA4317-E11D-41CF-8EE0-BC722FAF732D}.Debug|x86.ActiveCfg = Debug|Win32
		{71BA4317-E11D-41CF-8EE0-BC722FAF732D}.Debug|x86.Build.0 = Debug|Win32
		{71BA4317-E11D-41CF-8EE0-BC722FAF732D}.Release|x64.ActiveCfg = Release|x64
		{71BA4317-E11D-41CF-8EE0-BC722FAF732D}.Release|x64.Build.0 = Release|x64
		{71BA4317-E11D-41CF-8EE0-BC722FAF732D}.Release|x86.ActiveCfg = Release|Win32
		{71BA4317-E11D-41CF-8EE0-BC722FAF732D}.Release|x86.Build.0 = Release|Win32
		{0DC480A6-1A55-4474-976B-00EA2FD0FB54}.Debug|x64.ActiveCfg = Debug|x64
		{0DC480A6-1A55-4474-976B-00EA2FD0FB54}.Debug|x64.Build.0 = Debug|x64
		{0DC480A6-1A55-4474-976B-00EA2FD0FB54}.Debug|x86.ActiveCfg = Debug|Win32
		{0DC480A6-1A55-4474-976B-00EA2FD0FB54}.Debug|x86.Build.0 = Debug|Win32
		{0DC480A6-1A55-4474-976B-00EA2FD0FB54}.Release|x64.ActiveCfg = Release|x64
		{0DC480A6-1A55-4474-976B-00EA2FD0FB54}.Release|x64.Build.0 = Release|x64
		{0DC480A6-1A55-4474-976B-00EA2FD0FB54}.Release|x86.ActiveCfg = Release|Win32
		{0DC480A6-1A55-4474-976B-00EA2FD0FB54}.Release|x86.Build.0 = Release|Win32
	EndGlobalSection
	GlobalSection(SolutionProperties) = preSolution
		HideSolutionNode = FALSE
	EndGlobalSection
	GlobalSection(NestedProjects) = preSolution
		{65285A0F-ED2B-4351-8EE2-741A6C16942A} = {513FB755-92C9-4E7F-8264-D95B45D74314}
		{631BBABD-00DD-416F-8DD9-614FF46D6AA0} = {513FB755-92C9-4E7F-8264-D95B45D74314}
		{26D04411-8BB9-4D03-BE01-047642A28521} = {513FB755-92C9-4E7F-8264-D95B45D74314}
		{1926F456-8442-4B87-A429-E06D9130FD6D} = {03D87269-A24E-4CA6-86F4-35D88982D222}
		{71BA4317-E11D-41CF-8EE0-BC722FAF732D} = {03D87269-A24E-4CA6-86F4-35D88982D222}
		{0DC480A6-1A55-4474-976B-00EA2FD0FB54} = {03D87269-A24E-4CA6-86F4-35D88982D222}
	EndGlobalSection
	GlobalSection(ExtensibilityGlobals) = postSolution
		SolutionGuid = {5EAF4E3A-C886-41C2-A9A6-454391662281}
	EndGlobalSection
EndGlobal
