<?xml version="1.0" encoding="utf-8"?>
<Project ToolsVersion="4.0" xmlns="http://schemas.microsoft.com/developer/msbuild/2003">
  <ItemGroup>
    <CudaCompile Include="Asynchrounous Concurrent Execution.cu" />
    <CudaCompile Include="Atomic Functions.cu" />
    <CudaCompile Include="Memory Fence Functions.cu" />
    <CudaCompile Include="Memory management technique.cu" />
    <CudaCompile Include="Syncronization Functions.cu" />
    <CudaCompile Include="1D 2D 3D Allocation.cu" />
    <CudaCompile Include="Matrix Multiplication SHM.cu">
      <Filter>Matrix Multiplication</Filter>
    </CudaCompile>
    <CudaCompile Include="Matrix Multiplication.cu">
      <Filter>Matrix Multiplication</Filter>
    </CudaCompile>
    <CudaCompile Include="Vector Addition.cu">
      <Filter>Matrix Multiplication</Filter>
    </CudaCompile>
    <CudaCompile Include="Unified Memory Vector Addition.cu">
      <Filter>Matrix Multiplication</Filter>
    </CudaCompile>
    <CudaCompile Include="Cache Tiled Matrix Multiplication.cu">
      <Filter>Matrix Multiplication</Filter>
    </CudaCompile>
    <CudaCompile Include="Compiler optimization.cu" />
    <CudaCompile Include="cudaMath.cu" />
    <CudaCompile Include="Warp Vote Functions.cu" />
  </ItemGroup>
  <ItemGroup>
    <Filter Include="Matrix Multiplication">
      <UniqueIdentifier>{60bc6272-9bfd-4225-9ca9-60f00103c807}</UniqueIdentifier>
    </Filter>
  </ItemGroup>
</Project>